
Microsoft Visual Studio Solution File, Format Version 12.00
# Visual Studio Version 17
VisualStudioVersion = 17.6.33829.357
MinimumVisualStudioVersion = 10.0.40219.1
Project("{FAE04EC0-301F-11D3-BF4B-00C04F79EFBC}") = "NetFramework", "NetFramework.csproj", "{C8173332-8588-45AE-A47F-CF9CC591A821}"
EndProject
Project("{FAE04EC0-301F-11D3-BF4B-00C04F79EFBC}") = "NetFramework.S7.D1.MethodGenelTanim", "..\NetFramework.S7.D1\NetFramework.S7.D1.MethodGenelTanim.csproj", "{13466EAD-7C66-4852-97FE-B30991D690D3}"
EndProject
Project("{FAE04EC0-301F-11D3-BF4B-00C04F79EFBC}") = "NetFramework.S7.D2.MatematikselIslemler", "..\NetFramework.S7.D2.MatematikselIslemler\NetFramework.S7.D2.MatematikselIslemler.csproj", "{044FB523-4D42-4106-8450-B17537140509}"
EndProject
Project("{FAE04EC0-301F-11D3-BF4B-00C04F79EFBC}") = "NetFramework.S7.D2.MetotOdev1", "..\NetFramework.S7.D2.MetotOdev1\NetFramework.S7.D2.MetotOdev1.csproj", "{73BCDE56-3DA3-42A3-AE4A-5B2E82A6EC35}"
EndProject
Project("{FAE04EC0-301F-11D3-BF4B-00C04F79EFBC}") = "NetFramework.S7.D4.RefOutKullanimi", "..\NetFramework.S7.D4.RefOutKullanimi\NetFramework.S7.D4.RefOutKullanimi.csproj", "{A149E8FA-C10B-40C2-AA17-F00D6483EF30}"
EndProject
Project("{FAE04EC0-301F-11D3-BF4B-00C04F79EFBC}") = "NetFramework.S7.D5.AsiriYuklenmek", "..\NetFramework.S7.D5.AsiriYuklenmek\NetFramework.S7.D5.AsiriYuklenmek.csproj", "{8369B0D4-56C3-4DA5-A893-0063F21C1A68}"
EndProject
Project("{FAE04EC0-301F-11D3-BF4B-00C04F79EFBC}") = "NetFramework.S7.D6.LocalFunctions", "..\NetFramework.S7.D6.LocalFunctions\NetFramework.S7.D6.LocalFunctions.csproj", "{87CEBBA8-BCD3-4629-B1ED-F4468D00C4BD}"
EndProject
Project("{FAE04EC0-301F-11D3-BF4B-00C04F79EFBC}") = "NetFramework.S8.D1.OOPNedir", "..\NetFramework.S8.D1.OOPNedir\NetFramework.S8.D1.OOPNedir.csproj", "{DA928334-F5AF-487E-9283-BA5A31EDAFFF}"
EndProject
Project("{FAE04EC0-301F-11D3-BF4B-00C04F79EFBC}") = "NetFramework.S9.D1.KapsullemeNedir", "..\NetFramework.S9.D1.KapsullemeNedir\NetFramework.S9.D1.KapsullemeNedir.csproj", "{B44EEAC5-73D7-49CC-9AB3-2AE382B9ACB8}"
EndProject
Project("{FAE04EC0-301F-11D3-BF4B-00C04F79EFBC}") = "NetFramework.S10.D1.StaticNedir", "..\NetFramework.S10.D1.StaticNedir\NetFramework.S10.D1.StaticNedir.csproj", "{96603539-1972-49F1-B865-D7C81E8E7BFA}"
EndProject
Project("{FAE04EC0-301F-11D3-BF4B-00C04F79EFBC}") = "NetFramework.S10.D2.PersonelUygulamasi", "..\NetFramework.S10.D2.PersonelUygulamasi\NetFramework.S10.D2.PersonelUygulamasi.csproj", "{1B8D29C1-91E9-4E57-9EB8-C60A14A6C339}"
EndProject
Project("{FAE04EC0-301F-11D3-BF4B-00C04F79EFBC}") = "NetFramework.S10.D3.StaticBolumSonuOdevUygulama", "..\NetFramework.S10.D3.StaticBolumSonuOdevUygulama\NetFramework.S10.D3.StaticBolumSonuOdevUygulama.csproj", "{1648F69B-3E2E-42F2-BD85-9558DEFE3123}"
EndProject
Project("{FAE04EC0-301F-11D3-BF4B-00C04F79EFBC}") = "NetFramework.S11.D1.InnerTypeModelleme", "..\NetFramework.S11.D1.InnerTypeModelleme\NetFramework.S11.D1.InnerTypeModelleme.csproj", "{7C0950BA-27E4-405B-9A38-771FE7FDF3AA}"
EndProject
Project("{FAE04EC0-301F-11D3-BF4B-00C04F79EFBC}") = "NetFramework.S12.D1.KalitimNedir", "..\NetFramework.S12.D1.KalitimNedir\NetFramework.S12.D1.KalitimNedir.csproj", "{841EF2FC-2B19-4522-A57A-D2DF4E904B4E}"
EndProject
Project("{FAE04EC0-301F-11D3-BF4B-00C04F79EFBC}") = "NetFramework.S12.D2.KalitimOdevUygulamasi", "..\NetFramework.S12.D2.KalitimOdevUygulamasi\NetFramework.S12.D2.KalitimOdevUygulamasi.csproj", "{CDB8EF02-32EF-4F4E-95CE-A0E8A7234611}"
EndProject
Project("{FAE04EC0-301F-11D3-BF4B-00C04F79EFBC}") = "NetFramework.S13.D1.SanalMetotNedir", "..\NetFramework.S13.D1.SanalMetotNedir\NetFramework.S13.D1.SanalMetotNedir.csproj", "{CE2F6031-8B5F-4C3A-853C-7CE160B08E3F}"
EndProject
Global
	GlobalSection(SolutionConfigurationPlatforms) = preSolution
		Debug|Any CPU = Debug|Any CPU
		Release|Any CPU = Release|Any CPU
	EndGlobalSection
	GlobalSection(ProjectConfigurationPlatforms) = postSolution
		{C8173332-8588-45AE-A47F-CF9CC591A821}.Debug|Any CPU.ActiveCfg = Debug|Any CPU
		{C8173332-8588-45AE-A47F-CF9CC591A821}.Debug|Any CPU.Build.0 = Debug|Any CPU
		{C8173332-8588-45AE-A47F-CF9CC591A821}.Release|Any CPU.ActiveCfg = Release|Any CPU
		{C8173332-8588-45AE-A47F-CF9CC591A821}.Release|Any CPU.Build.0 = Release|Any CPU
		{13466EAD-7C66-4852-97FE-B30991D690D3}.Debug|Any CPU.ActiveCfg = Debug|Any CPU
		{13466EAD-7C66-4852-97FE-B30991D690D3}.Debug|Any CPU.Build.0 = Debug|Any CPU
		{13466EAD-7C66-4852-97FE-B30991D690D3}.Release|Any CPU.ActiveCfg = Release|Any CPU
		{13466EAD-7C66-4852-97FE-B30991D690D3}.Release|Any CPU.Build.0 = Release|Any CPU
		{044FB523-4D42-4106-8450-B17537140509}.Debug|Any CPU.ActiveCfg = Debug|Any CPU
		{044FB523-4D42-4106-8450-B17537140509}.Debug|Any CPU.Build.0 = Debug|Any CPU
		{044FB523-4D42-4106-8450-B17537140509}.Release|Any CPU.ActiveCfg = Release|Any CPU
		{044FB523-4D42-4106-8450-B17537140509}.Release|Any CPU.Build.0 = Release|Any CPU
		{73BCDE56-3DA3-42A3-AE4A-5B2E82A6EC35}.Debug|Any CPU.ActiveCfg = Debug|Any CPU
		{73BCDE56-3DA3-42A3-AE4A-5B2E82A6EC35}.Debug|Any CPU.Build.0 = Debug|Any CPU
		{73BCDE56-3DA3-42A3-AE4A-5B2E82A6EC35}.Release|Any CPU.ActiveCfg = Release|Any CPU
		{73BCDE56-3DA3-42A3-AE4A-5B2E82A6EC35}.Release|Any CPU.Build.0 = Release|Any CPU
		{A149E8FA-C10B-40C2-AA17-F00D6483EF30}.Debug|Any CPU.ActiveCfg = Debug|Any CPU
		{A149E8FA-C10B-40C2-AA17-F00D6483EF30}.Debug|Any CPU.Build.0 = Debug|Any CPU
		{A149E8FA-C10B-40C2-AA17-F00D6483EF30}.Release|Any CPU.ActiveCfg = Release|Any CPU
		{A149E8FA-C10B-40C2-AA17-F00D6483EF30}.Release|Any CPU.Build.0 = Release|Any CPU
		{8369B0D4-56C3-4DA5-A893-0063F21C1A68}.Debug|Any CPU.ActiveCfg = Debug|Any CPU
		{8369B0D4-56C3-4DA5-A893-0063F21C1A68}.Debug|Any CPU.Build.0 = Debug|Any CPU
		{8369B0D4-56C3-4DA5-A893-0063F21C1A68}.Release|Any CPU.ActiveCfg = Release|Any CPU
		{8369B0D4-56C3-4DA5-A893-0063F21C1A68}.Release|Any CPU.Build.0 = Release|Any CPU
		{87CEBBA8-BCD3-4629-B1ED-F4468D00C4BD}.Debug|Any CPU.ActiveCfg = Debug|Any CPU
		{87CEBBA8-BCD3-4629-B1ED-F4468D00C4BD}.Debug|Any CPU.Build.0 = Debug|Any CPU
		{87CEBBA8-BCD3-4629-B1ED-F4468D00C4BD}.Release|Any CPU.ActiveCfg = Release|Any CPU
		{87CEBBA8-BCD3-4629-B1ED-F4468D00C4BD}.Release|Any CPU.Build.0 = Release|Any CPU
		{DA928334-F5AF-487E-9283-BA5A31EDAFFF}.Debug|Any CPU.ActiveCfg = Debug|Any CPU
		{DA928334-F5AF-487E-9283-BA5A31EDAFFF}.Debug|Any CPU.Build.0 = Debug|Any CPU
		{DA928334-F5AF-487E-9283-BA5A31EDAFFF}.Release|Any CPU.ActiveCfg = Release|Any CPU
		{DA928334-F5AF-487E-9283-BA5A31EDAFFF}.Release|Any CPU.Build.0 = Release|Any CPU
		{B44EEAC5-73D7-49CC-9AB3-2AE382B9ACB8}.Debug|Any CPU.ActiveCfg = Debug|Any CPU
		{B44EEAC5-73D7-49CC-9AB3-2AE382B9ACB8}.Debug|Any CPU.Build.0 = Debug|Any CPU
		{B44EEAC5-73D7-49CC-9AB3-2AE382B9ACB8}.Release|Any CPU.ActiveCfg = Release|Any CPU
		{B44EEAC5-73D7-49CC-9AB3-2AE382B9ACB8}.Release|Any CPU.Build.0 = Release|Any CPU
		{96603539-1972-49F1-B865-D7C81E8E7BFA}.Debug|Any CPU.ActiveCfg = Debug|Any CPU
		{96603539-1972-49F1-B865-D7C81E8E7BFA}.Debug|Any CPU.Build.0 = Debug|Any CPU
		{96603539-1972-49F1-B865-D7C81E8E7BFA}.Release|Any CPU.ActiveCfg = Release|Any CPU
		{96603539-1972-49F1-B865-D7C81E8E7BFA}.Release|Any CPU.Build.0 = Release|Any CPU
		{1B8D29C1-91E9-4E57-9EB8-C60A14A6C339}.Debug|Any CPU.ActiveCfg = Debug|Any CPU
		{1B8D29C1-91E9-4E57-9EB8-C60A14A6C339}.Debug|Any CPU.Build.0 = Debug|Any CPU
		{1B8D29C1-91E9-4E57-9EB8-C60A14A6C339}.Release|Any CPU.ActiveCfg = Release|Any CPU
		{1B8D29C1-91E9-4E57-9EB8-C60A14A6C339}.Release|Any CPU.Build.0 = Release|Any CPU
		{1648F69B-3E2E-42F2-BD85-9558DEFE3123}.Debug|Any CPU.ActiveCfg = Debug|Any CPU
		{1648F69B-3E2E-42F2-BD85-9558DEFE3123}.Debug|Any CPU.Build.0 = Debug|Any CPU
		{1648F69B-3E2E-42F2-BD85-9558DEFE3123}.Release|Any CPU.ActiveCfg = Release|Any CPU
		{1648F69B-3E2E-42F2-BD85-9558DEFE3123}.Release|Any CPU.Build.0 = Release|Any CPU
		{7C0950BA-27E4-405B-9A38-771FE7FDF3AA}.Debug|Any CPU.ActiveCfg = Debug|Any CPU
		{7C0950BA-27E4-405B-9A38-771FE7FDF3AA}.Debug|Any CPU.Build.0 = Debug|Any CPU
		{7C0950BA-27E4-405B-9A38-771FE7FDF3AA}.Release|Any CPU.ActiveCfg = Release|Any CPU
		{7C0950BA-27E4-405B-9A38-771FE7FDF3AA}.Release|Any CPU.Build.0 = Release|Any CPU
		{841EF2FC-2B19-4522-A57A-D2DF4E904B4E}.Debug|Any CPU.ActiveCfg = Debug|Any CPU
		{841EF2FC-2B19-4522-A57A-D2DF4E904B4E}.Debug|Any CPU.Build.0 = Debug|Any CPU
		{841EF2FC-2B19-4522-A57A-D2DF4E904B4E}.Release|Any CPU.ActiveCfg = Release|Any CPU
		{841EF2FC-2B19-4522-A57A-D2DF4E904B4E}.Release|Any CPU.Build.0 = Release|Any CPU
		{CDB8EF02-32EF-4F4E-95CE-A0E8A7234611}.Debug|Any CPU.ActiveCfg = Debug|Any CPU
		{CDB8EF02-32EF-4F4E-95CE-A0E8A7234611}.Debug|Any CPU.Build.0 = Debug|Any CPU
		{CDB8EF02-32EF-4F4E-95CE-A0E8A7234611}.Release|Any CPU.ActiveCfg = Release|Any CPU
		{CDB8EF02-32EF-4F4E-95CE-A0E8A7234611}.Release|Any CPU.Build.0 = Release|Any CPU
		{CE2F6031-8B5F-4C3A-853C-7CE160B08E3F}.Debug|Any CPU.ActiveCfg = Debug|Any CPU
		{CE2F6031-8B5F-4C3A-853C-7CE160B08E3F}.Debug|Any CPU.Build.0 = Debug|Any CPU
		{CE2F6031-8B5F-4C3A-853C-7CE160B08E3F}.Release|Any CPU.ActiveCfg = Release|Any CPU
		{CE2F6031-8B5F-4C3A-853C-7CE160B08E3F}.Release|Any CPU.Build.0 = Release|Any CPU
	EndGlobalSection
	GlobalSection(SolutionProperties) = preSolution
		HideSolutionNode = FALSE
	EndGlobalSection
	GlobalSection(ExtensibilityGlobals) = postSolution
		SolutionGuid = {E6816559-EC4B-4420-B88A-25E0025EB9CC}
	EndGlobalSection
EndGlobal
