
Microsoft Visual Studio Solution File, Format Version 12.00
# Visual Studio Version 17
VisualStudioVersion = 17.6.33829.357
MinimumVisualStudioVersion = 10.0.40219.1
Project("{FAE04EC0-301F-11D3-BF4B-00C04F79EFBC}") = "NetFramework", "NetFramework.csproj", "{C8173332-8588-45AE-A47F-CF9CC591A821}"
EndProject
Project("{FAE04EC0-301F-11D3-BF4B-00C04F79EFBC}") = "NetFramework.S7.D1.MethodGenelTanim", "..\NetFramework.S7.D1\NetFramework.S7.D1.MethodGenelTanim.csproj", "{13466EAD-7C66-4852-97FE-B30991D690D3}"
EndProject
Project("{FAE04EC0-301F-11D3-BF4B-00C04F79EFBC}") = "NetFramework.S7.D2.MatematikselIslemler", "..\NetFramework.S7.D2.MatematikselIslemler\NetFramework.S7.D2.MatematikselIslemler.csproj", "{044FB523-4D42-4106-8450-B17537140509}"
EndProject
Project("{FAE04EC0-301F-11D3-BF4B-00C04F79EFBC}") = "NetFramework.S7.D2.MetotOdev1", "..\NetFramework.S7.D2.MetotOdev1\NetFramework.S7.D2.MetotOdev1.csproj", "{73BCDE56-3DA3-42A3-AE4A-5B2E82A6EC35}"
EndProject
Project("{FAE04EC0-301F-11D3-BF4B-00C04F79EFBC}") = "NetFramework.S7.D4.RefOutKullanimi", "..\NetFramework.S7.D4.RefOutKullanimi\NetFramework.S7.D4.RefOutKullanimi.csproj", "{A149E8FA-C10B-40C2-AA17-F00D6483EF30}"
EndProject
Project("{FAE04EC0-301F-11D3-BF4B-00C04F79EFBC}") = "NetFramework.S7.D5.AsiriYuklenmek", "..\NetFramework.S7.D5.AsiriYuklenmek\NetFramework.S7.D5.AsiriYuklenmek.csproj", "{8369B0D4-56C3-4DA5-A893-0063F21C1A68}"
EndProject
Project("{FAE04EC0-301F-11D3-BF4B-00C04F79EFBC}") = "NetFramework.S7.D6.LocalFunctions", "..\NetFramework.S7.D6.LocalFunctions\NetFramework.S7.D6.LocalFunctions.csproj", "{87CEBBA8-BCD3-4629-B1ED-F4468D00C4BD}"
EndProject
Project("{FAE04EC0-301F-11D3-BF4B-00C04F79EFBC}") = "NetFramework.S8.D1.OOPNedir", "..\NetFramework.S8.D1.OOPNedir\NetFramework.S8.D1.OOPNedir.csproj", "{DA928334-F5AF-487E-9283-BA5A31EDAFFF}"
EndProject
Project("{FAE04EC0-301F-11D3-BF4B-00C04F79EFBC}") = "NetFramework.S9.D1.KapsullemeNedir", "..\NetFramework.S9.D1.KapsullemeNedir\NetFramework.S9.D1.KapsullemeNedir.csproj", "{B44EEAC5-73D7-49CC-9AB3-2AE382B9ACB8}"
EndProject
Project("{FAE04EC0-301F-11D3-BF4B-00C04F79EFBC}") = "NetFramework.S10.D1.StaticNedir", "..\NetFramework.S10.D1.StaticNedir\NetFramework.S10.D1.StaticNedir.csproj", "{96603539-1972-49F1-B865-D7C81E8E7BFA}"
EndProject
Project("{FAE04EC0-301F-11D3-BF4B-00C04F79EFBC}") = "NetFramework.S10.D2.PersonelUygulamasi", "..\NetFramework.S10.D2.PersonelUygulamasi\NetFramework.S10.D2.PersonelUygulamasi.csproj", "{1B8D29C1-91E9-4E57-9EB8-C60A14A6C339}"
EndProject
Project("{FAE04EC0-301F-11D3-BF4B-00C04F79EFBC}") = "NetFramework.S10.D3.StaticBolumSonuOdevUygulama", "..\NetFramework.S10.D3.StaticBolumSonuOdevUygulama\NetFramework.S10.D3.StaticBolumSonuOdevUygulama.csproj", "{1648F69B-3E2E-42F2-BD85-9558DEFE3123}"
EndProject
Project("{FAE04EC0-301F-11D3-BF4B-00C04F79EFBC}") = "NetFramework.S11.D1.InnerTypeModelleme", "..\NetFramework.S11.D1.InnerTypeModelleme\NetFramework.S11.D1.InnerTypeModelleme.csproj", "{7C0950BA-27E4-405B-9A38-771FE7FDF3AA}"
EndProject
Project("{FAE04EC0-301F-11D3-BF4B-00C04F79EFBC}") = "NetFramework.S12.D1.KalitimNedir", "..\NetFramework.S12.D1.KalitimNedir\NetFramework.S12.D1.KalitimNedir.csproj", "{841EF2FC-2B19-4522-A57A-D2DF4E904B4E}"
EndProject
Project("{FAE04EC0-301F-11D3-BF4B-00C04F79EFBC}") = "NetFramework.S12.D2.KalitimOdevUygulamasi", "..\NetFramework.S12.D2.KalitimOdevUygulamasi\NetFramework.S12.D2.KalitimOdevUygulamasi.csproj", "{CDB8EF02-32EF-4F4E-95CE-A0E8A7234611}"
EndProject
Project("{FAE04EC0-301F-11D3-BF4B-00C04F79EFBC}") = "NetFramework.S13.D1.SanalMetotNedir", "..\NetFramework.S13.D1.SanalMetotNedir\NetFramework.S13.D1.SanalMetotNedir.csproj", "{CE2F6031-8B5F-4C3A-853C-7CE160B08E3F}"
EndProject
Project("{FAE04EC0-301F-11D3-BF4B-00C04F79EFBC}") = "NetFramework.S13.D2.SanalMetotKullanimi", "..\NetFramework.S13.D2.SanalMetotKullanimi\NetFramework.S13.D2.SanalMetotKullanimi.csproj", "{137CDDD4-4017-43B9-A165-AECB4FDA2C44}"
EndProject
Project("{FAE04EC0-301F-11D3-BF4B-00C04F79EFBC}") = "NetFramework.S14.D1.AbstractNedir", "..\NetFramework.S14.D1.AbstractNedir\NetFramework.S14.D1.AbstractNedir.csproj", "{80296D9D-D0BB-463B-867A-D5BE61BC3E31}"
EndProject
Project("{FAE04EC0-301F-11D3-BF4B-00C04F79EFBC}") = "NetFramework.S15.D1.InterfaceNedir", "..\NetFramework.S15.D1.InterfaceNedir\NetFramework.S15.D1.InterfaceNedir.csproj", "{96A42230-27B8-4FB6-B4C8-88DE555A3903}"
EndProject
Project("{FAE04EC0-301F-11D3-BF4B-00C04F79EFBC}") = "NetFramework.S16.D1.PartialClassNedir", "..\NetFramework.S16.D1.PartialClassNedir\NetFramework.S16.D1.PartialClassNedir.csproj", "{A97BD359-C58B-4424-976E-1F15EF461BA6}"
EndProject
Project("{FAE04EC0-301F-11D3-BF4B-00C04F79EFBC}") = "NetFramework.S17.D1.EnumNedir", "..\NetFramework.S17.D1.EnumNedir\NetFramework.S17.D1.EnumNedir.csproj", "{E158131F-4EDF-44F0-A633-0DE7E0227FA0}"
EndProject
Project("{FAE04EC0-301F-11D3-BF4B-00C04F79EFBC}") = "NetFramework.S18.D1.GenericOncesiIslemler", "..\NetFramework.S18.D1.GenericOncesiIslemler\NetFramework.S18.D1.GenericOncesiIslemler.csproj", "{3343F0CF-45D0-4094-BDAA-498CF3621ABC}"
EndProject
Project("{FAE04EC0-301F-11D3-BF4B-00C04F79EFBC}") = "NetFramework.S18.D2.ListGeneric", "..\NetFramework.S18.D2.ListGeneric\NetFramework.S18.D2.ListGeneric.csproj", "{1E08BE99-8BF6-476A-B86E-0A88A05302AB}"
EndProject
Project("{FAE04EC0-301F-11D3-BF4B-00C04F79EFBC}") = "NetFramework.S18.D3.ListGenericInceleme", "..\NetFramework.S18.D3.ListGenericInceleme\NetFramework.S18.D3.ListGenericInceleme.csproj", "{F514FEC8-BBFE-47B6-8CB4-FE1A71C4422A}"
EndProject
Project("{FAE04EC0-301F-11D3-BF4B-00C04F79EFBC}") = "NetFramework.S18.D4.DictionarySortedListKoleksiyon", "..\NetFramework.S18.D4.DictionarySortedListKoleksiyon\NetFramework.S18.D4.DictionarySortedListKoleksiyon.csproj", "{CC814056-FAF3-4D1E-9F95-74A883B31FD1}"
EndProject
Project("{FAE04EC0-301F-11D3-BF4B-00C04F79EFBC}") = "NetFramework.S18.D5.GenericClassNedir", "..\NetFramework.S18.D5.GenericClassNedir\NetFramework.S18.D5.GenericClassNedir.csproj", "{AC9A6C42-64F7-4BE2-A5D0-1259157BA129}"
EndProject
Project("{FAE04EC0-301F-11D3-BF4B-00C04F79EFBC}") = "NetFramework.S18.D6.GenericClassNedir_1", "..\NetFramework.S18.D6.GenericClassNedir_1\NetFramework.S18.D6.GenericClassNedir_1.csproj", "{2B50BE7B-2AD3-4F4F-BE72-866398B54723}"
EndProject
Project("{FAE04EC0-301F-11D3-BF4B-00C04F79EFBC}") = "NetFramework.S19.D1.WindowsFormNedir", "..\NetFramework.S19.D1.WindowsFormNedir\NetFramework.S19.D1.WindowsFormNedir.csproj", "{3720358C-C6A0-4032-B131-846CE5218D6E}"
EndProject
Project("{FAE04EC0-301F-11D3-BF4B-00C04F79EFBC}") = "NetFramework.S19.D2.KullaniciGirisFormu", "..\NetFramework.S19.D2.KullaniciGirisFormu\NetFramework.S19.D2.KullaniciGirisFormu.csproj", "{2566E1AB-D639-4DDC-8993-921AFB40DCDA}"
EndProject
Project("{FAE04EC0-301F-11D3-BF4B-00C04F79EFBC}") = "NetFramework.S19.D3.MessageBoxNesnesi", "..\NetFramework.S19.D3.MessageBoxNesnesi\NetFramework.S19.D3.MessageBoxNesnesi.csproj", "{917170B4-A2DC-4323-816E-A03FEBFA89C1}"
EndProject
Project("{FAE04EC0-301F-11D3-BF4B-00C04F79EFBC}") = "NetFramework.S19.D4.MessageBoxNesnesiUygulama", "..\NetFramework.S19.D4.MessageBoxNesnesiUygulama\NetFramework.S19.D4.MessageBoxNesnesiUygulama.csproj", "{7765D75E-1B45-473F-9EA4-FDB370015518}"
EndProject
Project("{FAE04EC0-301F-11D3-BF4B-00C04F79EFBC}") = "NetFramework.S19.D5.ModelModelLess", "..\NetFramework.S19.D5.ModelModelLess\NetFramework.S19.D5.ModelModelLess.csproj", "{A87E02C8-1363-46B9-B3DA-6101448D64EC}"
EndProject
Project("{FAE04EC0-301F-11D3-BF4B-00C04F79EFBC}") = "NetFramework.S19.D6.FormKontrolleriInceleme", "..\NetFramework.S19.D6.FormKontrolleriInceleme\NetFramework.S19.D6.FormKontrolleriInceleme.csproj", "{8784E2B5-D37C-4B69-BBCD-B031567D3E23}"
EndProject
Project("{FAE04EC0-301F-11D3-BF4B-00C04F79EFBC}") = "NetFramework.S19.D7.DinamikFormElemanlari", "..\NetFramework.S19.D7.DinamikFormElemanlari\NetFramework.S19.D7.DinamikFormElemanlari.csproj", "{998B62BA-FCF0-43F7-B4F9-7D5F3E81DDDC}"
EndProject
Project("{FAE04EC0-301F-11D3-BF4B-00C04F79EFBC}") = "NetFramework.S19.D8.ComboBoxInceleme", "..\NetFramework.S19.D8.ComboBoxInceleme\NetFramework.S19.D8.ComboBoxInceleme.csproj", "{051ED1C7-BBBA-4A15-8FAF-DF1B7AE4D23C}"
EndProject
Project("{FAE04EC0-301F-11D3-BF4B-00C04F79EFBC}") = "NetFramework.S19.D9.ListBoxInceleme", "..\NetFramework.S19.D9.ListBoxInceleme\NetFramework.S19.D9.ListBoxInceleme.csproj", "{1D8A64C2-9063-45F4-A446-386441D08A32}"
EndProject
Project("{FAE04EC0-301F-11D3-BF4B-00C04F79EFBC}") = "NetFramework.S19.D10.CheckBoxListInceleme", "..\NetFramework.S19.D10.CheckBoxListInceleme\NetFramework.S19.D10.CheckBoxListInceleme.csproj", "{ECF6605A-D01E-443D-9821-AA2E1BFBB7E1}"
EndProject
Project("{FAE04EC0-301F-11D3-BF4B-00C04F79EFBC}") = "NetFramework.S19.D11.GroupBoxListInceleme", "..\NetFramework.S19.D11.GroupBoxListInceleme\NetFramework.S19.D11.GroupBoxListInceleme.csproj", "{8E3323F3-195E-4BDC-B5B3-823B111E9A8B}"
EndProject
Project("{FAE04EC0-301F-11D3-BF4B-00C04F79EFBC}") = "NetFramework.S19.D12.FakeDataGridView", "..\NetFramework.S19.D12.FakeDataGridView\NetFramework.S19.D12.FakeDataGridView.csproj", "{1B34AF05-8486-4BE3-A8C9-FB8C2F0D96E1}"
EndProject
Project("{FAE04EC0-301F-11D3-BF4B-00C04F79EFBC}") = "NetFramework.S19.D13.DataGridViewImage", "..\NetFramework.S19.D13.DataGridViewImage\NetFramework.S19.D13.DataGridViewImage.csproj", "{511C923E-2378-455F-BC34-0583D4A9C6F3}"
EndProject
Global
	GlobalSection(SolutionConfigurationPlatforms) = preSolution
		Debug|Any CPU = Debug|Any CPU
		Release|Any CPU = Release|Any CPU
	EndGlobalSection
	GlobalSection(ProjectConfigurationPlatforms) = postSolution
		{C8173332-8588-45AE-A47F-CF9CC591A821}.Debug|Any CPU.ActiveCfg = Debug|Any CPU
		{C8173332-8588-45AE-A47F-CF9CC591A821}.Debug|Any CPU.Build.0 = Debug|Any CPU
		{C8173332-8588-45AE-A47F-CF9CC591A821}.Release|Any CPU.ActiveCfg = Release|Any CPU
		{C8173332-8588-45AE-A47F-CF9CC591A821}.Release|Any CPU.Build.0 = Release|Any CPU
		{13466EAD-7C66-4852-97FE-B30991D690D3}.Debug|Any CPU.ActiveCfg = Debug|Any CPU
		{13466EAD-7C66-4852-97FE-B30991D690D3}.Debug|Any CPU.Build.0 = Debug|Any CPU
		{13466EAD-7C66-4852-97FE-B30991D690D3}.Release|Any CPU.ActiveCfg = Release|Any CPU
		{13466EAD-7C66-4852-97FE-B30991D690D3}.Release|Any CPU.Build.0 = Release|Any CPU
		{044FB523-4D42-4106-8450-B17537140509}.Debug|Any CPU.ActiveCfg = Debug|Any CPU
		{044FB523-4D42-4106-8450-B17537140509}.Debug|Any CPU.Build.0 = Debug|Any CPU
		{044FB523-4D42-4106-8450-B17537140509}.Release|Any CPU.ActiveCfg = Release|Any CPU
		{044FB523-4D42-4106-8450-B17537140509}.Release|Any CPU.Build.0 = Release|Any CPU
		{73BCDE56-3DA3-42A3-AE4A-5B2E82A6EC35}.Debug|Any CPU.ActiveCfg = Debug|Any CPU
		{73BCDE56-3DA3-42A3-AE4A-5B2E82A6EC35}.Debug|Any CPU.Build.0 = Debug|Any CPU
		{73BCDE56-3DA3-42A3-AE4A-5B2E82A6EC35}.Release|Any CPU.ActiveCfg = Release|Any CPU
		{73BCDE56-3DA3-42A3-AE4A-5B2E82A6EC35}.Release|Any CPU.Build.0 = Release|Any CPU
		{A149E8FA-C10B-40C2-AA17-F00D6483EF30}.Debug|Any CPU.ActiveCfg = Debug|Any CPU
		{A149E8FA-C10B-40C2-AA17-F00D6483EF30}.Debug|Any CPU.Build.0 = Debug|Any CPU
		{A149E8FA-C10B-40C2-AA17-F00D6483EF30}.Release|Any CPU.ActiveCfg = Release|Any CPU
		{A149E8FA-C10B-40C2-AA17-F00D6483EF30}.Release|Any CPU.Build.0 = Release|Any CPU
		{8369B0D4-56C3-4DA5-A893-0063F21C1A68}.Debug|Any CPU.ActiveCfg = Debug|Any CPU
		{8369B0D4-56C3-4DA5-A893-0063F21C1A68}.Debug|Any CPU.Build.0 = Debug|Any CPU
		{8369B0D4-56C3-4DA5-A893-0063F21C1A68}.Release|Any CPU.ActiveCfg = Release|Any CPU
		{8369B0D4-56C3-4DA5-A893-0063F21C1A68}.Release|Any CPU.Build.0 = Release|Any CPU
		{87CEBBA8-BCD3-4629-B1ED-F4468D00C4BD}.Debug|Any CPU.ActiveCfg = Debug|Any CPU
		{87CEBBA8-BCD3-4629-B1ED-F4468D00C4BD}.Debug|Any CPU.Build.0 = Debug|Any CPU
		{87CEBBA8-BCD3-4629-B1ED-F4468D00C4BD}.Release|Any CPU.ActiveCfg = Release|Any CPU
		{87CEBBA8-BCD3-4629-B1ED-F4468D00C4BD}.Release|Any CPU.Build.0 = Release|Any CPU
		{DA928334-F5AF-487E-9283-BA5A31EDAFFF}.Debug|Any CPU.ActiveCfg = Debug|Any CPU
		{DA928334-F5AF-487E-9283-BA5A31EDAFFF}.Debug|Any CPU.Build.0 = Debug|Any CPU
		{DA928334-F5AF-487E-9283-BA5A31EDAFFF}.Release|Any CPU.ActiveCfg = Release|Any CPU
		{DA928334-F5AF-487E-9283-BA5A31EDAFFF}.Release|Any CPU.Build.0 = Release|Any CPU
		{B44EEAC5-73D7-49CC-9AB3-2AE382B9ACB8}.Debug|Any CPU.ActiveCfg = Debug|Any CPU
		{B44EEAC5-73D7-49CC-9AB3-2AE382B9ACB8}.Debug|Any CPU.Build.0 = Debug|Any CPU
		{B44EEAC5-73D7-49CC-9AB3-2AE382B9ACB8}.Release|Any CPU.ActiveCfg = Release|Any CPU
		{B44EEAC5-73D7-49CC-9AB3-2AE382B9ACB8}.Release|Any CPU.Build.0 = Release|Any CPU
		{96603539-1972-49F1-B865-D7C81E8E7BFA}.Debug|Any CPU.ActiveCfg = Debug|Any CPU
		{96603539-1972-49F1-B865-D7C81E8E7BFA}.Debug|Any CPU.Build.0 = Debug|Any CPU
		{96603539-1972-49F1-B865-D7C81E8E7BFA}.Release|Any CPU.ActiveCfg = Release|Any CPU
		{96603539-1972-49F1-B865-D7C81E8E7BFA}.Release|Any CPU.Build.0 = Release|Any CPU
		{1B8D29C1-91E9-4E57-9EB8-C60A14A6C339}.Debug|Any CPU.ActiveCfg = Debug|Any CPU
		{1B8D29C1-91E9-4E57-9EB8-C60A14A6C339}.Debug|Any CPU.Build.0 = Debug|Any CPU
		{1B8D29C1-91E9-4E57-9EB8-C60A14A6C339}.Release|Any CPU.ActiveCfg = Release|Any CPU
		{1B8D29C1-91E9-4E57-9EB8-C60A14A6C339}.Release|Any CPU.Build.0 = Release|Any CPU
		{1648F69B-3E2E-42F2-BD85-9558DEFE3123}.Debug|Any CPU.ActiveCfg = Debug|Any CPU
		{1648F69B-3E2E-42F2-BD85-9558DEFE3123}.Debug|Any CPU.Build.0 = Debug|Any CPU
		{1648F69B-3E2E-42F2-BD85-9558DEFE3123}.Release|Any CPU.ActiveCfg = Release|Any CPU
		{1648F69B-3E2E-42F2-BD85-9558DEFE3123}.Release|Any CPU.Build.0 = Release|Any CPU
		{7C0950BA-27E4-405B-9A38-771FE7FDF3AA}.Debug|Any CPU.ActiveCfg = Debug|Any CPU
		{7C0950BA-27E4-405B-9A38-771FE7FDF3AA}.Debug|Any CPU.Build.0 = Debug|Any CPU
		{7C0950BA-27E4-405B-9A38-771FE7FDF3AA}.Release|Any CPU.ActiveCfg = Release|Any CPU
		{7C0950BA-27E4-405B-9A38-771FE7FDF3AA}.Release|Any CPU.Build.0 = Release|Any CPU
		{841EF2FC-2B19-4522-A57A-D2DF4E904B4E}.Debug|Any CPU.ActiveCfg = Debug|Any CPU
		{841EF2FC-2B19-4522-A57A-D2DF4E904B4E}.Debug|Any CPU.Build.0 = Debug|Any CPU
		{841EF2FC-2B19-4522-A57A-D2DF4E904B4E}.Release|Any CPU.ActiveCfg = Release|Any CPU
		{841EF2FC-2B19-4522-A57A-D2DF4E904B4E}.Release|Any CPU.Build.0 = Release|Any CPU
		{CDB8EF02-32EF-4F4E-95CE-A0E8A7234611}.Debug|Any CPU.ActiveCfg = Debug|Any CPU
		{CDB8EF02-32EF-4F4E-95CE-A0E8A7234611}.Debug|Any CPU.Build.0 = Debug|Any CPU
		{CDB8EF02-32EF-4F4E-95CE-A0E8A7234611}.Release|Any CPU.ActiveCfg = Release|Any CPU
		{CDB8EF02-32EF-4F4E-95CE-A0E8A7234611}.Release|Any CPU.Build.0 = Release|Any CPU
		{CE2F6031-8B5F-4C3A-853C-7CE160B08E3F}.Debug|Any CPU.ActiveCfg = Debug|Any CPU
		{CE2F6031-8B5F-4C3A-853C-7CE160B08E3F}.Debug|Any CPU.Build.0 = Debug|Any CPU
		{CE2F6031-8B5F-4C3A-853C-7CE160B08E3F}.Release|Any CPU.ActiveCfg = Release|Any CPU
		{CE2F6031-8B5F-4C3A-853C-7CE160B08E3F}.Release|Any CPU.Build.0 = Release|Any CPU
		{137CDDD4-4017-43B9-A165-AECB4FDA2C44}.Debug|Any CPU.ActiveCfg = Debug|Any CPU
		{137CDDD4-4017-43B9-A165-AECB4FDA2C44}.Debug|Any CPU.Build.0 = Debug|Any CPU
		{137CDDD4-4017-43B9-A165-AECB4FDA2C44}.Release|Any CPU.ActiveCfg = Release|Any CPU
		{137CDDD4-4017-43B9-A165-AECB4FDA2C44}.Release|Any CPU.Build.0 = Release|Any CPU
		{80296D9D-D0BB-463B-867A-D5BE61BC3E31}.Debug|Any CPU.ActiveCfg = Debug|Any CPU
		{80296D9D-D0BB-463B-867A-D5BE61BC3E31}.Debug|Any CPU.Build.0 = Debug|Any CPU
		{80296D9D-D0BB-463B-867A-D5BE61BC3E31}.Release|Any CPU.ActiveCfg = Release|Any CPU
		{80296D9D-D0BB-463B-867A-D5BE61BC3E31}.Release|Any CPU.Build.0 = Release|Any CPU
		{96A42230-27B8-4FB6-B4C8-88DE555A3903}.Debug|Any CPU.ActiveCfg = Debug|Any CPU
		{96A42230-27B8-4FB6-B4C8-88DE555A3903}.Debug|Any CPU.Build.0 = Debug|Any CPU
		{96A42230-27B8-4FB6-B4C8-88DE555A3903}.Release|Any CPU.ActiveCfg = Release|Any CPU
		{96A42230-27B8-4FB6-B4C8-88DE555A3903}.Release|Any CPU.Build.0 = Release|Any CPU
		{A97BD359-C58B-4424-976E-1F15EF461BA6}.Debug|Any CPU.ActiveCfg = Debug|Any CPU
		{A97BD359-C58B-4424-976E-1F15EF461BA6}.Debug|Any CPU.Build.0 = Debug|Any CPU
		{A97BD359-C58B-4424-976E-1F15EF461BA6}.Release|Any CPU.ActiveCfg = Release|Any CPU
		{A97BD359-C58B-4424-976E-1F15EF461BA6}.Release|Any CPU.Build.0 = Release|Any CPU
		{E158131F-4EDF-44F0-A633-0DE7E0227FA0}.Debug|Any CPU.ActiveCfg = Debug|Any CPU
		{E158131F-4EDF-44F0-A633-0DE7E0227FA0}.Debug|Any CPU.Build.0 = Debug|Any CPU
		{E158131F-4EDF-44F0-A633-0DE7E0227FA0}.Release|Any CPU.ActiveCfg = Release|Any CPU
		{E158131F-4EDF-44F0-A633-0DE7E0227FA0}.Release|Any CPU.Build.0 = Release|Any CPU
		{3343F0CF-45D0-4094-BDAA-498CF3621ABC}.Debug|Any CPU.ActiveCfg = Debug|Any CPU
		{3343F0CF-45D0-4094-BDAA-498CF3621ABC}.Debug|Any CPU.Build.0 = Debug|Any CPU
		{3343F0CF-45D0-4094-BDAA-498CF3621ABC}.Release|Any CPU.ActiveCfg = Release|Any CPU
		{3343F0CF-45D0-4094-BDAA-498CF3621ABC}.Release|Any CPU.Build.0 = Release|Any CPU
		{1E08BE99-8BF6-476A-B86E-0A88A05302AB}.Debug|Any CPU.ActiveCfg = Debug|Any CPU
		{1E08BE99-8BF6-476A-B86E-0A88A05302AB}.Debug|Any CPU.Build.0 = Debug|Any CPU
		{1E08BE99-8BF6-476A-B86E-0A88A05302AB}.Release|Any CPU.ActiveCfg = Release|Any CPU
		{1E08BE99-8BF6-476A-B86E-0A88A05302AB}.Release|Any CPU.Build.0 = Release|Any CPU
		{F514FEC8-BBFE-47B6-8CB4-FE1A71C4422A}.Debug|Any CPU.ActiveCfg = Debug|Any CPU
		{F514FEC8-BBFE-47B6-8CB4-FE1A71C4422A}.Debug|Any CPU.Build.0 = Debug|Any CPU
		{F514FEC8-BBFE-47B6-8CB4-FE1A71C4422A}.Release|Any CPU.ActiveCfg = Release|Any CPU
		{F514FEC8-BBFE-47B6-8CB4-FE1A71C4422A}.Release|Any CPU.Build.0 = Release|Any CPU
		{CC814056-FAF3-4D1E-9F95-74A883B31FD1}.Debug|Any CPU.ActiveCfg = Debug|Any CPU
		{CC814056-FAF3-4D1E-9F95-74A883B31FD1}.Debug|Any CPU.Build.0 = Debug|Any CPU
		{CC814056-FAF3-4D1E-9F95-74A883B31FD1}.Release|Any CPU.ActiveCfg = Release|Any CPU
		{CC814056-FAF3-4D1E-9F95-74A883B31FD1}.Release|Any CPU.Build.0 = Release|Any CPU
		{AC9A6C42-64F7-4BE2-A5D0-1259157BA129}.Debug|Any CPU.ActiveCfg = Debug|Any CPU
		{AC9A6C42-64F7-4BE2-A5D0-1259157BA129}.Debug|Any CPU.Build.0 = Debug|Any CPU
		{AC9A6C42-64F7-4BE2-A5D0-1259157BA129}.Release|Any CPU.ActiveCfg = Release|Any CPU
		{AC9A6C42-64F7-4BE2-A5D0-1259157BA129}.Release|Any CPU.Build.0 = Release|Any CPU
		{2B50BE7B-2AD3-4F4F-BE72-866398B54723}.Debug|Any CPU.ActiveCfg = Debug|Any CPU
		{2B50BE7B-2AD3-4F4F-BE72-866398B54723}.Debug|Any CPU.Build.0 = Debug|Any CPU
		{2B50BE7B-2AD3-4F4F-BE72-866398B54723}.Release|Any CPU.ActiveCfg = Release|Any CPU
		{2B50BE7B-2AD3-4F4F-BE72-866398B54723}.Release|Any CPU.Build.0 = Release|Any CPU
		{3720358C-C6A0-4032-B131-846CE5218D6E}.Debug|Any CPU.ActiveCfg = Debug|Any CPU
		{3720358C-C6A0-4032-B131-846CE5218D6E}.Debug|Any CPU.Build.0 = Debug|Any CPU
		{3720358C-C6A0-4032-B131-846CE5218D6E}.Release|Any CPU.ActiveCfg = Release|Any CPU
		{3720358C-C6A0-4032-B131-846CE5218D6E}.Release|Any CPU.Build.0 = Release|Any CPU
		{2566E1AB-D639-4DDC-8993-921AFB40DCDA}.Debug|Any CPU.ActiveCfg = Debug|Any CPU
		{2566E1AB-D639-4DDC-8993-921AFB40DCDA}.Debug|Any CPU.Build.0 = Debug|Any CPU
		{2566E1AB-D639-4DDC-8993-921AFB40DCDA}.Release|Any CPU.ActiveCfg = Release|Any CPU
		{2566E1AB-D639-4DDC-8993-921AFB40DCDA}.Release|Any CPU.Build.0 = Release|Any CPU
		{917170B4-A2DC-4323-816E-A03FEBFA89C1}.Debug|Any CPU.ActiveCfg = Debug|Any CPU
		{917170B4-A2DC-4323-816E-A03FEBFA89C1}.Debug|Any CPU.Build.0 = Debug|Any CPU
		{917170B4-A2DC-4323-816E-A03FEBFA89C1}.Release|Any CPU.ActiveCfg = Release|Any CPU
		{917170B4-A2DC-4323-816E-A03FEBFA89C1}.Release|Any CPU.Build.0 = Release|Any CPU
		{7765D75E-1B45-473F-9EA4-FDB370015518}.Debug|Any CPU.ActiveCfg = Debug|Any CPU
		{7765D75E-1B45-473F-9EA4-FDB370015518}.Debug|Any CPU.Build.0 = Debug|Any CPU
		{7765D75E-1B45-473F-9EA4-FDB370015518}.Release|Any CPU.ActiveCfg = Release|Any CPU
		{7765D75E-1B45-473F-9EA4-FDB370015518}.Release|Any CPU.Build.0 = Release|Any CPU
		{A87E02C8-1363-46B9-B3DA-6101448D64EC}.Debug|Any CPU.ActiveCfg = Debug|Any CPU
		{A87E02C8-1363-46B9-B3DA-6101448D64EC}.Debug|Any CPU.Build.0 = Debug|Any CPU
		{A87E02C8-1363-46B9-B3DA-6101448D64EC}.Release|Any CPU.ActiveCfg = Release|Any CPU
		{A87E02C8-1363-46B9-B3DA-6101448D64EC}.Release|Any CPU.Build.0 = Release|Any CPU
		{8784E2B5-D37C-4B69-BBCD-B031567D3E23}.Debug|Any CPU.ActiveCfg = Debug|Any CPU
		{8784E2B5-D37C-4B69-BBCD-B031567D3E23}.Debug|Any CPU.Build.0 = Debug|Any CPU
		{8784E2B5-D37C-4B69-BBCD-B031567D3E23}.Release|Any CPU.ActiveCfg = Release|Any CPU
		{8784E2B5-D37C-4B69-BBCD-B031567D3E23}.Release|Any CPU.Build.0 = Release|Any CPU
		{998B62BA-FCF0-43F7-B4F9-7D5F3E81DDDC}.Debug|Any CPU.ActiveCfg = Debug|Any CPU
		{998B62BA-FCF0-43F7-B4F9-7D5F3E81DDDC}.Debug|Any CPU.Build.0 = Debug|Any CPU
		{998B62BA-FCF0-43F7-B4F9-7D5F3E81DDDC}.Release|Any CPU.ActiveCfg = Release|Any CPU
		{998B62BA-FCF0-43F7-B4F9-7D5F3E81DDDC}.Release|Any CPU.Build.0 = Release|Any CPU
		{051ED1C7-BBBA-4A15-8FAF-DF1B7AE4D23C}.Debug|Any CPU.ActiveCfg = Debug|Any CPU
		{051ED1C7-BBBA-4A15-8FAF-DF1B7AE4D23C}.Debug|Any CPU.Build.0 = Debug|Any CPU
		{051ED1C7-BBBA-4A15-8FAF-DF1B7AE4D23C}.Release|Any CPU.ActiveCfg = Release|Any CPU
		{051ED1C7-BBBA-4A15-8FAF-DF1B7AE4D23C}.Release|Any CPU.Build.0 = Release|Any CPU
		{1D8A64C2-9063-45F4-A446-386441D08A32}.Debug|Any CPU.ActiveCfg = Debug|Any CPU
		{1D8A64C2-9063-45F4-A446-386441D08A32}.Debug|Any CPU.Build.0 = Debug|Any CPU
		{1D8A64C2-9063-45F4-A446-386441D08A32}.Release|Any CPU.ActiveCfg = Release|Any CPU
		{1D8A64C2-9063-45F4-A446-386441D08A32}.Release|Any CPU.Build.0 = Release|Any CPU
		{ECF6605A-D01E-443D-9821-AA2E1BFBB7E1}.Debug|Any CPU.ActiveCfg = Debug|Any CPU
		{ECF6605A-D01E-443D-9821-AA2E1BFBB7E1}.Debug|Any CPU.Build.0 = Debug|Any CPU
		{ECF6605A-D01E-443D-9821-AA2E1BFBB7E1}.Release|Any CPU.ActiveCfg = Release|Any CPU
		{ECF6605A-D01E-443D-9821-AA2E1BFBB7E1}.Release|Any CPU.Build.0 = Release|Any CPU
		{8E3323F3-195E-4BDC-B5B3-823B111E9A8B}.Debug|Any CPU.ActiveCfg = Debug|Any CPU
		{8E3323F3-195E-4BDC-B5B3-823B111E9A8B}.Debug|Any CPU.Build.0 = Debug|Any CPU
		{8E3323F3-195E-4BDC-B5B3-823B111E9A8B}.Release|Any CPU.ActiveCfg = Release|Any CPU
		{8E3323F3-195E-4BDC-B5B3-823B111E9A8B}.Release|Any CPU.Build.0 = Release|Any CPU
		{1B34AF05-8486-4BE3-A8C9-FB8C2F0D96E1}.Debug|Any CPU.ActiveCfg = Debug|Any CPU
		{1B34AF05-8486-4BE3-A8C9-FB8C2F0D96E1}.Debug|Any CPU.Build.0 = Debug|Any CPU
		{1B34AF05-8486-4BE3-A8C9-FB8C2F0D96E1}.Release|Any CPU.ActiveCfg = Release|Any CPU
		{1B34AF05-8486-4BE3-A8C9-FB8C2F0D96E1}.Release|Any CPU.Build.0 = Release|Any CPU
		{511C923E-2378-455F-BC34-0583D4A9C6F3}.Debug|Any CPU.ActiveCfg = Debug|Any CPU
		{511C923E-2378-455F-BC34-0583D4A9C6F3}.Debug|Any CPU.Build.0 = Debug|Any CPU
		{511C923E-2378-455F-BC34-0583D4A9C6F3}.Release|Any CPU.ActiveCfg = Release|Any CPU
		{511C923E-2378-455F-BC34-0583D4A9C6F3}.Release|Any CPU.Build.0 = Release|Any CPU
	EndGlobalSection
	GlobalSection(SolutionProperties) = preSolution
		HideSolutionNode = FALSE
	EndGlobalSection
	GlobalSection(ExtensibilityGlobals) = postSolution
		SolutionGuid = {E6816559-EC4B-4420-B88A-25E0025EB9CC}
	EndGlobalSection
EndGlobal
