
Microsoft Visual Studio Solution File, Format Version 12.00
# Visual Studio Version 17
VisualStudioVersion = 17.6.33829.357
MinimumVisualStudioVersion = 10.0.40219.1
Project("{FAE04EC0-301F-11D3-BF4B-00C04F79EFBC}") = "Udemy.SystemIO", "Udemy.SystemIO\Udemy.SystemIO.csproj", "{1EA7D35E-B443-47BD-9AAE-879A57787A7C}"
EndProject
Project("{FAE04EC0-301F-11D3-BF4B-00C04F79EFBC}") = "Udemy.SystemIO.DirectoryIslemleri", "Udemy.SystemIO.DirectoryIslemleri\Udemy.SystemIO.DirectoryIslemleri.csproj", "{56FB204D-8DDE-4BAE-B2F3-69691CA1A4D7}"
EndProject
Project("{FAE04EC0-301F-11D3-BF4B-00C04F79EFBC}") = "Udemy.SystemIO.FileIslemleri", "Udemy.SystemIO.FileIslemleri\Udemy.SystemIO.FileIslemleri.csproj", "{999CA223-DE20-421F-A7BC-DDE844166A91}"
EndProject
Global
	GlobalSection(SolutionConfigurationPlatforms) = preSolution
		Debug|Any CPU = Debug|Any CPU
		Release|Any CPU = Release|Any CPU
	EndGlobalSection
	GlobalSection(ProjectConfigurationPlatforms) = postSolution
		{1EA7D35E-B443-47BD-9AAE-879A57787A7C}.Debug|Any CPU.ActiveCfg = Debug|Any CPU
		{1EA7D35E-B443-47BD-9AAE-879A57787A7C}.Debug|Any CPU.Build.0 = Debug|Any CPU
		{1EA7D35E-B443-47BD-9AAE-879A57787A7C}.Release|Any CPU.ActiveCfg = Release|Any CPU
		{1EA7D35E-B443-47BD-9AAE-879A57787A7C}.Release|Any CPU.Build.0 = Release|Any CPU
		{56FB204D-8DDE-4BAE-B2F3-69691CA1A4D7}.Debug|Any CPU.ActiveCfg = Debug|Any CPU
		{56FB204D-8DDE-4BAE-B2F3-69691CA1A4D7}.Debug|Any CPU.Build.0 = Debug|Any CPU
		{56FB204D-8DDE-4BAE-B2F3-69691CA1A4D7}.Release|Any CPU.ActiveCfg = Release|Any CPU
		{56FB204D-8DDE-4BAE-B2F3-69691CA1A4D7}.Release|Any CPU.Build.0 = Release|Any CPU
		{999CA223-DE20-421F-A7BC-DDE844166A91}.Debug|Any CPU.ActiveCfg = Debug|Any CPU
		{999CA223-DE20-421F-A7BC-DDE844166A91}.Debug|Any CPU.Build.0 = Debug|Any CPU
		{999CA223-DE20-421F-A7BC-DDE844166A91}.Release|Any CPU.ActiveCfg = Release|Any CPU
		{999CA223-DE20-421F-A7BC-DDE844166A91}.Release|Any CPU.Build.0 = Release|Any CPU
	EndGlobalSection
	GlobalSection(SolutionProperties) = preSolution
		HideSolutionNode = FALSE
	EndGlobalSection
	GlobalSection(ExtensibilityGlobals) = postSolution
		SolutionGuid = {E6043DFE-8E10-4EA3-8C1B-73F9AC61C0D6}
	EndGlobalSection
EndGlobal
